
Microsoft Visual Studio Solution File, Format Version 12.00
# Visual Studio 2017
Project("{FAE04EC0-301F-11D3-BF4B-00C04F79EFBC}") = "OpenCVTestUnity", "OpenCVTestUnity.csproj", "{1982790B-797B-20D1-E041-5C54D56438DF}"
EndProject
Global
	GlobalSection(SolutionConfigurationPlatforms) = preSolution
		Debug|Any CPU = Debug|Any CPU
		Release|Any CPU = Release|Any CPU
	EndGlobalSection
	GlobalSection(ProjectConfigurationPlatforms) = postSolution
		{1982790B-797B-20D1-E041-5C54D56438DF}.Debug|Any CPU.ActiveCfg = Debug|Any CPU
		{1982790B-797B-20D1-E041-5C54D56438DF}.Debug|Any CPU.Build.0 = Debug|Any CPU
		{1982790B-797B-20D1-E041-5C54D56438DF}.Release|Any CPU.ActiveCfg = Release|Any CPU
		{1982790B-797B-20D1-E041-5C54D56438DF}.Release|Any CPU.Build.0 = Release|Any CPU
	EndGlobalSection
	GlobalSection(SolutionProperties) = preSolution
		HideSolutionNode = FALSE
	EndGlobalSection
EndGlobal
